%{
  "fix_warnings": {:hex, :fix_warnings, "0.1.3", "0404a152278befa106728eda8b365e9ac479b6c561e89f9f1471eb19a5ad5122", [:mix], [], "hexpm", "97f039722423eac633d317f4359aa80df6ef28c47cf152bb859b8af37c3d2601"},
  "nimble_parsec": {:hex, :nimble_parsec, "1.4.2", "8efba0122db06df95bfaa78f791344a89352ba04baedd3849593bfce4d0dc1c6", [:mix], [], "hexpm", "4b21398942dda052b403bbe1da991ccd03a053668d147d53fb8c4e0efe09c973"},
}
